
Microsoft Visual Studio Solution File, Format Version 12.00
# Visual Studio Version 17
VisualStudioVersion = 17.4.33110.190
MinimumVisualStudioVersion = 10.0.40219.1
Project("{9A19103F-16F7-4668-BE54-9A1E7A4F7556}") = "Polimorfizm Example", "WinFormsApp1\Polimorfizm Example.csproj", "{05260EC5-AF50-4399-B945-6D8C115DAC66}"
EndProject
Global
	GlobalSection(SolutionConfigurationPlatforms) = preSolution
		Debug|Any CPU = Debug|Any CPU
		Release|Any CPU = Release|Any CPU
	EndGlobalSection
	GlobalSection(ProjectConfigurationPlatforms) = postSolution
		{05260EC5-AF50-4399-B945-6D8C115DAC66}.Debug|Any CPU.ActiveCfg = Debug|Any CPU
		{05260EC5-AF50-4399-B945-6D8C115DAC66}.Debug|Any CPU.Build.0 = Debug|Any CPU
		{05260EC5-AF50-4399-B945-6D8C115DAC66}.Release|Any CPU.ActiveCfg = Release|Any CPU
		{05260EC5-AF50-4399-B945-6D8C115DAC66}.Release|Any CPU.Build.0 = Release|Any CPU
	EndGlobalSection
	GlobalSection(SolutionProperties) = preSolution
		HideSolutionNode = FALSE
	EndGlobalSection
	GlobalSection(ExtensibilityGlobals) = postSolution
		SolutionGuid = {7F8A43DC-718A-4657-BD1D-56CB4DFF2829}
	EndGlobalSection
EndGlobal
